
Microsoft Visual Studio Solution File, Format Version 12.00
# Visual Studio 15
VisualStudioVersion = 15.0.28016.0
MinimumVisualStudioVersion = 10.0.40219.1
Project("{9A19103F-16F7-4668-BE54-9A1E7A4F7556}") = "Util.Core", "01-Core\Util.Core.csproj", "{74C38BF7-20A2-4827-8693-A9876506D03C}"
EndProject
Project("{2150E333-8FDC-42A3-9474-1A3956D46DE8}") = "01-Core", "01-Core", "{C652A692-CC51-426A-A55E-000443BE194B}"
EndProject
Project("{2150E333-8FDC-42A3-9474-1A3956D46DE8}") = "06_Domains", "06_Domains", "{93EA56FA-F4EF-40C9-8052-137319584F9B}"
EndProject
Project("{9A19103F-16F7-4668-BE54-9A1E7A4F7556}") = "Util.Domains", "Util.Domains\Util.Domains.csproj", "{E0B13D35-1866-4C6E-B277-4512CD49F185}"
EndProject
Project("{2150E333-8FDC-42A3-9474-1A3956D46DE8}") = "07-Datas", "07-Datas", "{C10BD77C-1792-4738-A69F-A41E0461CC45}"
EndProject
Project("{9A19103F-16F7-4668-BE54-9A1E7A4F7556}") = "01-Util.Datas", "Util.Datas\01-Util.Datas.csproj", "{49E21B34-E25F-4A7C-9D7B-B93BB7D95017}"
EndProject
Project("{9A19103F-16F7-4668-BE54-9A1E7A4F7556}") = "02-Util.Datas.Sql", "Util.Datas.Sql\02-Util.Datas.Sql.csproj", "{DAE47831-7D5C-4521-825B-8F7BF34B2A22}"
EndProject
Project("{9A19103F-16F7-4668-BE54-9A1E7A4F7556}") = "03-Util.Datas.Ef", "Util.Datas.Ef\03-Util.Datas.Ef.csproj", "{0E766E59-5355-466D-B586-6D3A56F249D8}"
EndProject
Project("{9A19103F-16F7-4668-BE54-9A1E7A4F7556}") = "04-Util.Datas.SqlServer", "Util.Datas.SqlServer\04-Util.Datas.SqlServer.csproj", "{6D5C3A2A-3291-49B5-9937-B4F27AA122CD}"
EndProject
Project("{9A19103F-16F7-4668-BE54-9A1E7A4F7556}") = "05-Util.Datas.MySql", "Util.Datas.MySql\05-Util.Datas.MySql.csproj", "{F5755FD4-EE04-4093-9D8A-F606935BD54E}"
EndProject
Project("{2150E333-8FDC-42A3-9474-1A3956D46DE8}") = "08-Services", "08-Services", "{40040ED3-A8B6-46CE-85A5-6A7E83B84D1D}"
EndProject
Project("{9A19103F-16F7-4668-BE54-9A1E7A4F7556}") = "Util.ApplicationServices", "Util.ApplicationServices\Util.ApplicationServices.csproj", "{08E53B5E-13DF-4DEF-B5E0-B5D64D3F659E}"
EndProject
Project("{2150E333-8FDC-42A3-9474-1A3956D46DE8}") = "02-Ioc", "02-Ioc", "{3A2E0C30-07DE-4A7C-89D7-BC66087C4AE6}"
EndProject
Project("{9A19103F-16F7-4668-BE54-9A1E7A4F7556}") = "Util.DI.Autofac", "Util.DI.Autofac\Util.DI.Autofac.csproj", "{0EC8C658-1CDC-46D2-88F1-5ACDE0FCD09D}"
EndProject
Global
	GlobalSection(SolutionConfigurationPlatforms) = preSolution
		Debug|Any CPU = Debug|Any CPU
		Release|Any CPU = Release|Any CPU
	EndGlobalSection
	GlobalSection(ProjectConfigurationPlatforms) = postSolution
		{74C38BF7-20A2-4827-8693-A9876506D03C}.Debug|Any CPU.ActiveCfg = Debug|Any CPU
		{74C38BF7-20A2-4827-8693-A9876506D03C}.Debug|Any CPU.Build.0 = Debug|Any CPU
		{74C38BF7-20A2-4827-8693-A9876506D03C}.Release|Any CPU.ActiveCfg = Release|Any CPU
		{74C38BF7-20A2-4827-8693-A9876506D03C}.Release|Any CPU.Build.0 = Release|Any CPU
		{E0B13D35-1866-4C6E-B277-4512CD49F185}.Debug|Any CPU.ActiveCfg = Debug|Any CPU
		{E0B13D35-1866-4C6E-B277-4512CD49F185}.Debug|Any CPU.Build.0 = Debug|Any CPU
		{E0B13D35-1866-4C6E-B277-4512CD49F185}.Release|Any CPU.ActiveCfg = Release|Any CPU
		{E0B13D35-1866-4C6E-B277-4512CD49F185}.Release|Any CPU.Build.0 = Release|Any CPU
		{49E21B34-E25F-4A7C-9D7B-B93BB7D95017}.Debug|Any CPU.ActiveCfg = Debug|Any CPU
		{49E21B34-E25F-4A7C-9D7B-B93BB7D95017}.Debug|Any CPU.Build.0 = Debug|Any CPU
		{49E21B34-E25F-4A7C-9D7B-B93BB7D95017}.Release|Any CPU.ActiveCfg = Release|Any CPU
		{49E21B34-E25F-4A7C-9D7B-B93BB7D95017}.Release|Any CPU.Build.0 = Release|Any CPU
		{DAE47831-7D5C-4521-825B-8F7BF34B2A22}.Debug|Any CPU.ActiveCfg = Debug|Any CPU
		{DAE47831-7D5C-4521-825B-8F7BF34B2A22}.Debug|Any CPU.Build.0 = Debug|Any CPU
		{DAE47831-7D5C-4521-825B-8F7BF34B2A22}.Release|Any CPU.ActiveCfg = Release|Any CPU
		{DAE47831-7D5C-4521-825B-8F7BF34B2A22}.Release|Any CPU.Build.0 = Release|Any CPU
		{0E766E59-5355-466D-B586-6D3A56F249D8}.Debug|Any CPU.ActiveCfg = Debug|Any CPU
		{0E766E59-5355-466D-B586-6D3A56F249D8}.Debug|Any CPU.Build.0 = Debug|Any CPU
		{0E766E59-5355-466D-B586-6D3A56F249D8}.Release|Any CPU.ActiveCfg = Release|Any CPU
		{0E766E59-5355-466D-B586-6D3A56F249D8}.Release|Any CPU.Build.0 = Release|Any CPU
		{6D5C3A2A-3291-49B5-9937-B4F27AA122CD}.Debug|Any CPU.ActiveCfg = Debug|Any CPU
		{6D5C3A2A-3291-49B5-9937-B4F27AA122CD}.Debug|Any CPU.Build.0 = Debug|Any CPU
		{6D5C3A2A-3291-49B5-9937-B4F27AA122CD}.Release|Any CPU.ActiveCfg = Release|Any CPU
		{6D5C3A2A-3291-49B5-9937-B4F27AA122CD}.Release|Any CPU.Build.0 = Release|Any CPU
		{F5755FD4-EE04-4093-9D8A-F606935BD54E}.Debug|Any CPU.ActiveCfg = Debug|Any CPU
		{F5755FD4-EE04-4093-9D8A-F606935BD54E}.Debug|Any CPU.Build.0 = Debug|Any CPU
		{F5755FD4-EE04-4093-9D8A-F606935BD54E}.Release|Any CPU.ActiveCfg = Release|Any CPU
		{F5755FD4-EE04-4093-9D8A-F606935BD54E}.Release|Any CPU.Build.0 = Release|Any CPU
		{08E53B5E-13DF-4DEF-B5E0-B5D64D3F659E}.Debug|Any CPU.ActiveCfg = Debug|Any CPU
		{08E53B5E-13DF-4DEF-B5E0-B5D64D3F659E}.Debug|Any CPU.Build.0 = Debug|Any CPU
		{08E53B5E-13DF-4DEF-B5E0-B5D64D3F659E}.Release|Any CPU.ActiveCfg = Release|Any CPU
		{08E53B5E-13DF-4DEF-B5E0-B5D64D3F659E}.Release|Any CPU.Build.0 = Release|Any CPU
		{0EC8C658-1CDC-46D2-88F1-5ACDE0FCD09D}.Debug|Any CPU.ActiveCfg = Debug|Any CPU
		{0EC8C658-1CDC-46D2-88F1-5ACDE0FCD09D}.Debug|Any CPU.Build.0 = Debug|Any CPU
		{0EC8C658-1CDC-46D2-88F1-5ACDE0FCD09D}.Release|Any CPU.ActiveCfg = Release|Any CPU
		{0EC8C658-1CDC-46D2-88F1-5ACDE0FCD09D}.Release|Any CPU.Build.0 = Release|Any CPU
	EndGlobalSection
	GlobalSection(SolutionProperties) = preSolution
		HideSolutionNode = FALSE
	EndGlobalSection
	GlobalSection(NestedProjects) = preSolution
		{74C38BF7-20A2-4827-8693-A9876506D03C} = {C652A692-CC51-426A-A55E-000443BE194B}
		{E0B13D35-1866-4C6E-B277-4512CD49F185} = {93EA56FA-F4EF-40C9-8052-137319584F9B}
		{49E21B34-E25F-4A7C-9D7B-B93BB7D95017} = {C10BD77C-1792-4738-A69F-A41E0461CC45}
		{DAE47831-7D5C-4521-825B-8F7BF34B2A22} = {C10BD77C-1792-4738-A69F-A41E0461CC45}
		{0E766E59-5355-466D-B586-6D3A56F249D8} = {C10BD77C-1792-4738-A69F-A41E0461CC45}
		{6D5C3A2A-3291-49B5-9937-B4F27AA122CD} = {C10BD77C-1792-4738-A69F-A41E0461CC45}
		{F5755FD4-EE04-4093-9D8A-F606935BD54E} = {C10BD77C-1792-4738-A69F-A41E0461CC45}
		{08E53B5E-13DF-4DEF-B5E0-B5D64D3F659E} = {40040ED3-A8B6-46CE-85A5-6A7E83B84D1D}
		{0EC8C658-1CDC-46D2-88F1-5ACDE0FCD09D} = {3A2E0C30-07DE-4A7C-89D7-BC66087C4AE6}
	EndGlobalSection
	GlobalSection(ExtensibilityGlobals) = postSolution
		SolutionGuid = {BA1E9AD8-BC8F-436F-BFC7-9934C273BD87}
	EndGlobalSection
EndGlobal
